{
  "version": 4,
  "terraform_version": "0.12.30",
  "serial": 3,
  "lineage": "7bc14e33-4f1f-b040-2405-6ea4640d56dd",
  "outputs": {},
  "resources": [
    {
      "mode": "managed",
      "type": "aws_vpc",
      "name": "terra-test",
      "provider": "provider.aws",
      "instances": [
        {
          "schema_version": 1,
          "attributes": {
            "arn": "arn:aws:ec2:ap-northeast-2:737382971423:vpc/vpc-00ced50af3b090ed1",
            "assign_generated_ipv6_cidr_block": false,
            "cidr_block": "10.0.0.0/16",
            "default_network_acl_id": "acl-0bd995809cd6c8fdb",
            "default_route_table_id": "rtb-0ea5c29db14be1c02",
            "default_security_group_id": "sg-081b1e6d11aca40f8",
            "dhcp_options_id": "dopt-7ca0c217",
            "enable_classiclink": null,
            "enable_classiclink_dns_support": null,
            "enable_dns_hostnames": false,
            "enable_dns_support": true,
            "id": "vpc-00ced50af3b090ed1",
            "instance_tenancy": "default",
            "ipv6_association_id": "",
            "ipv6_cidr_block": "",
            "main_route_table_id": "rtb-0ea5c29db14be1c02",
            "owner_id": "737382971423",
            "tags": {
              "Name": "Terraform TEST1"
            }
          },
          "private": "eyJzY2hlbWFfdmVyc2lvbiI6IjEifQ=="
        }
      ]
    }
  ]
}
