{
  "version": 4,
  "terraform_version": "0.12.30",
  "serial": 5,
  "lineage": "9c20739d-8cca-662d-a70c-9d3f5b422944",
  "outputs": {},
  "resources": [
    {
      "mode": "managed",
      "type": "aws_iam_group",
      "name": "test_group",
      "provider": "provider.aws",
      "instances": [
        {
          "schema_version": 0,
          "attributes": {
            "arn": "arn:aws:iam::737382971423:group/terra_group",
            "id": "terra_group",
            "name": "terra_group",
            "path": "/",
            "unique_id": "AGPA2XL3THAPVTXO4T2FW"
          },
          "private": "bnVsbA=="
        }
      ]
    },
    {
      "mode": "managed",
      "type": "aws_iam_group_membership",
      "name": "terra_group",
      "provider": "provider.aws",
      "instances": [
        {
          "schema_version": 0,
          "attributes": {
            "group": "terra_group",
            "id": "terra_group",
            "name": "terra_group",
            "users": [
              "gildong.hong"
            ]
          },
          "private": "bnVsbA==",
          "dependencies": [
            "aws_iam_group.test_group",
            "aws_iam_user.gildong_hong"
          ]
        }
      ]
    },
    {
      "mode": "managed",
      "type": "aws_iam_user",
      "name": "gildong_hong",
      "provider": "provider.aws",
      "instances": [
        {
          "schema_version": 0,
          "attributes": {
            "arn": "arn:aws:iam::737382971423:user/gildong.hong",
            "force_destroy": false,
            "id": "gildong.hong",
            "name": "gildong.hong",
            "path": "/",
            "permissions_boundary": null,
            "tags": {},
            "unique_id": "AIDA2XL3THAPYA2LPSXBO"
          },
          "private": "bnVsbA=="
        }
      ]
    }
  ]
}
