{
  "version": 4,
  "terraform_version": "0.12.30",
  "serial": 11,
  "lineage": "9c20739d-8cca-662d-a70c-9d3f5b422944",
  "outputs": {},
  "resources": [
    {
      "mode": "managed",
      "type": "aws_iam_group",
      "name": "test_group",
      "provider": "provider.aws",
      "instances": [
        {
          "schema_version": 0,
          "attributes": {
            "arn": "arn:aws:iam::737382971423:group/terra_group",
            "id": "terra_group",
            "name": "terra_group",
            "path": "/",
            "unique_id": "AGPA2XL3THAPVTXO4T2FW"
          },
          "private": "bnVsbA=="
        }
      ]
    },
    {
      "mode": "managed",
      "type": "aws_iam_group_membership",
      "name": "terra_group",
      "provider": "provider.aws",
      "instances": [
        {
          "schema_version": 0,
          "attributes": {
            "group": "terra_group",
            "id": "terra_group",
            "name": "terra_group",
            "users": [
              "gildong.hong"
            ]
          },
          "private": "bnVsbA==",
          "dependencies": [
            "aws_iam_group.test_group",
            "aws_iam_user.gildong_hong"
          ]
        }
      ]
    },
    {
      "mode": "managed",
      "type": "aws_iam_instance_profile",
      "name": "hello",
      "provider": "provider.aws",
      "instances": [
        {
          "schema_version": 0,
          "attributes": {
            "arn": "arn:aws:iam::737382971423:instance-profile/hello-profile",
            "create_date": "2021-03-04T16:38:14Z",
            "id": "hello-profile",
            "name": "hello-profile",
            "name_prefix": null,
            "path": "/",
            "role": "hello-iam-role",
            "unique_id": "AIPA2XL3THAPSJNXP43QT"
          },
          "private": "bnVsbA==",
          "dependencies": [
            "aws_iam_role.hello"
          ]
        }
      ]
    },
    {
      "mode": "managed",
      "type": "aws_iam_role",
      "name": "hello",
      "provider": "provider.aws",
      "instances": [
        {
          "schema_version": 0,
          "attributes": {
            "arn": "arn:aws:iam::737382971423:role/hello-iam-role",
            "assume_role_policy": "{\"Version\":\"2012-10-17\",\"Statement\":[{\"Sid\":\"\",\"Effect\":\"Allow\",\"Principal\":{\"Service\":\"ec2.amazonaws.com\"},\"Action\":\"sts:AssumeRole\"}]}",
            "create_date": "2021-03-04T16:27:40Z",
            "description": "",
            "force_detach_policies": false,
            "id": "hello-iam-role",
            "inline_policy": [
              {
                "name": "hello-s3-download",
                "policy": "{\n \"Statement\" : [\n\t{\n\t \"Sid\" : \"AllowAppArtifactsReadAccess\",\n\t \"Action\" : [\n\t\t\"s3:GetObject\"\n\t ],\n\t \"Resource\" : [\n\t \"*\"\n\t ],\n\t \"Effect\" : \"Allow\"\n\t}\n\t]\n}\n"
              }
            ],
            "managed_policy_arns": [],
            "max_session_duration": 3600,
            "name": "hello-iam-role",
            "name_prefix": null,
            "path": "/",
            "permissions_boundary": null,
            "tags": {},
            "unique_id": "AROA2XL3THAP5EXHK5B6D"
          },
          "private": "bnVsbA=="
        }
      ]
    },
    {
      "mode": "managed",
      "type": "aws_iam_role_policy",
      "name": "hello_s3",
      "provider": "provider.aws",
      "instances": [
        {
          "schema_version": 0,
          "attributes": {
            "id": "hello-iam-role:hello-s3-download",
            "name": "hello-s3-download",
            "name_prefix": null,
            "policy": "{\n \"Statement\" : [\n\t{\n\t \"Sid\" : \"AllowAppArtifactsReadAccess\",\n\t \"Action\" : [\n\t\t\"s3:GetObject\"\n\t ],\n\t \"Resource\" : [\n\t \"*\"\n\t ],\n\t \"Effect\" : \"Allow\"\n\t}\n\t]\n}\n",
            "role": "hello-iam-role"
          },
          "private": "bnVsbA==",
          "dependencies": [
            "aws_iam_role.hello"
          ]
        }
      ]
    },
    {
      "mode": "managed",
      "type": "aws_iam_user",
      "name": "gildong_hong",
      "provider": "provider.aws",
      "instances": [
        {
          "schema_version": 0,
          "attributes": {
            "arn": "arn:aws:iam::737382971423:user/gildong.hong",
            "force_destroy": false,
            "id": "gildong.hong",
            "name": "gildong.hong",
            "path": "/",
            "permissions_boundary": null,
            "tags": {},
            "unique_id": "AIDA2XL3THAPYA2LPSXBO"
          },
          "private": "bnVsbA=="
        }
      ]
    }
  ]
}
